
Microsoft Visual Studio Solution File, Format Version 12.00
# Visual Studio Version 17
VisualStudioVersion = 17.11.35312.102
MinimumVisualStudioVersion = 10.0.40219.1
Project("{FAE04EC0-301F-11D3-BF4B-00C04F79EFBC}") = "RandomGenerator", "RandomGenerator\RandomGenerator.csproj", "{F6ACB6F8-3604-40DB-A00E-680ECF674731}"
EndProject
Global
	GlobalSection(SolutionConfigurationPlatforms) = preSolution
		Debug|Any CPU = Debug|Any CPU
		Release|Any CPU = Release|Any CPU
	EndGlobalSection
	GlobalSection(ProjectConfigurationPlatforms) = postSolution
		{F6ACB6F8-3604-40DB-A00E-680ECF674731}.Debug|Any CPU.ActiveCfg = Debug|Any CPU
		{F6ACB6F8-3604-40DB-A00E-680ECF674731}.Debug|Any CPU.Build.0 = Debug|Any CPU
		{F6ACB6F8-3604-40DB-A00E-680ECF674731}.Release|Any CPU.ActiveCfg = Release|Any CPU
		{F6ACB6F8-3604-40DB-A00E-680ECF674731}.Release|Any CPU.Build.0 = Release|Any CPU
	EndGlobalSection
	GlobalSection(SolutionProperties) = preSolution
		HideSolutionNode = FALSE
	EndGlobalSection
	GlobalSection(ExtensibilityGlobals) = postSolution
		SolutionGuid = {E4621B6F-FF2C-4A4E-A25B-00B6C4040B1B}
	EndGlobalSection
EndGlobal
